
Microsoft Visual Studio Solution File, Format Version 12.00
# Visual Studio Version 16
VisualStudioVersion = 16.0.30717.126
MinimumVisualStudioVersion = 10.0.40219.1
Project("{FAE04EC0-301F-11D3-BF4B-00C04F79EFBC}") = "Schools", "Schools\Schools.csproj", "{DD42A266-5C2A-4F94-9147-C41732E61551}"
EndProject
Global
	GlobalSection(SolutionConfigurationPlatforms) = preSolution
		Debug|Any CPU = Debug|Any CPU
		Release|Any CPU = Release|Any CPU
	EndGlobalSection
	GlobalSection(ProjectConfigurationPlatforms) = postSolution
		{DD42A266-5C2A-4F94-9147-C41732E61551}.Debug|Any CPU.ActiveCfg = Debug|Any CPU
		{DD42A266-5C2A-4F94-9147-C41732E61551}.Debug|Any CPU.Build.0 = Debug|Any CPU
		{DD42A266-5C2A-4F94-9147-C41732E61551}.Release|Any CPU.ActiveCfg = Release|Any CPU
		{DD42A266-5C2A-4F94-9147-C41732E61551}.Release|Any CPU.Build.0 = Release|Any CPU
	EndGlobalSection
	GlobalSection(SolutionProperties) = preSolution
		HideSolutionNode = FALSE
	EndGlobalSection
	GlobalSection(ExtensibilityGlobals) = postSolution
		SolutionGuid = {072DE860-6538-4E61-B4F4-E23CCF2E1BDA}
	EndGlobalSection
EndGlobal
